
Microsoft Visual Studio Solution File, Format Version 12.00
# Visual Studio Version 17
VisualStudioVersion = 17.3.32901.215
MinimumVisualStudioVersion = 10.0.40219.1
Project("{FAE04EC0-301F-11D3-BF4B-00C04F79EFBC}") = "UsingPlatformFeaturesP2", "UsingPlatformFeaturesP2\UsingPlatformFeaturesP2.csproj", "{CEF340C6-AD4C-4605-A2C9-38B3A1D4A5F3}"
EndProject
Global
	GlobalSection(SolutionConfigurationPlatforms) = preSolution
		Debug|Any CPU = Debug|Any CPU
		Release|Any CPU = Release|Any CPU
	EndGlobalSection
	GlobalSection(ProjectConfigurationPlatforms) = postSolution
		{CEF340C6-AD4C-4605-A2C9-38B3A1D4A5F3}.Debug|Any CPU.ActiveCfg = Debug|Any CPU
		{CEF340C6-AD4C-4605-A2C9-38B3A1D4A5F3}.Debug|Any CPU.Build.0 = Debug|Any CPU
		{CEF340C6-AD4C-4605-A2C9-38B3A1D4A5F3}.Release|Any CPU.ActiveCfg = Release|Any CPU
		{CEF340C6-AD4C-4605-A2C9-38B3A1D4A5F3}.Release|Any CPU.Build.0 = Release|Any CPU
	EndGlobalSection
	GlobalSection(SolutionProperties) = preSolution
		HideSolutionNode = FALSE
	EndGlobalSection
	GlobalSection(ExtensibilityGlobals) = postSolution
		SolutionGuid = {E75D9C12-06CB-447C-A317-8267629253B5}
	EndGlobalSection
EndGlobal
